
Microsoft Visual Studio Solution File, Format Version 12.00
# Visual Studio 15
VisualStudioVersion = 15.0.28010.2046
MinimumVisualStudioVersion = 10.0.40219.1
Project("{9A19103F-16F7-4668-BE54-9A1E7A4F7556}") = "Business", "Business\Business.csproj", "{208C8674-D765-4692-A593-64EEF3C2028C}"
EndProject
Project("{9A19103F-16F7-4668-BE54-9A1E7A4F7556}") = "Common", "Common\Common.csproj", "{2DAC335E-BB7F-4561-8D27-AD092CDB4424}"
EndProject
Project("{9A19103F-16F7-4668-BE54-9A1E7A4F7556}") = "Common.Web", "Common.Web\Common.Web.csproj", "{DE9DF2D3-4635-4B3F-A2DF-D8DB4AD7C247}"
EndProject
Project("{9A19103F-16F7-4668-BE54-9A1E7A4F7556}") = "Tests", "Tests\Tests.csproj", "{B6486A2B-B9E0-4EFA-A7B8-FDEE90D37743}"
EndProject
Project("{9A19103F-16F7-4668-BE54-9A1E7A4F7556}") = "Models", "Models\Models.csproj", "{1CD37D72-DB7F-4F01-A5D1-B58BB5718B4A}"
EndProject
Global
	GlobalSection(SolutionConfigurationPlatforms) = preSolution
		Debug|Any CPU = Debug|Any CPU
		Dev|Any CPU = Dev|Any CPU
		Release|Any CPU = Release|Any CPU
		Stage|Any CPU = Stage|Any CPU
		Test|Any CPU = Test|Any CPU
	EndGlobalSection
	GlobalSection(ProjectConfigurationPlatforms) = postSolution
		{208C8674-D765-4692-A593-64EEF3C2028C}.Debug|Any CPU.ActiveCfg = Debug|Any CPU
		{208C8674-D765-4692-A593-64EEF3C2028C}.Debug|Any CPU.Build.0 = Debug|Any CPU
		{208C8674-D765-4692-A593-64EEF3C2028C}.Dev|Any CPU.ActiveCfg = Debug|Any CPU
		{208C8674-D765-4692-A593-64EEF3C2028C}.Dev|Any CPU.Build.0 = Debug|Any CPU
		{208C8674-D765-4692-A593-64EEF3C2028C}.Release|Any CPU.ActiveCfg = Release|Any CPU
		{208C8674-D765-4692-A593-64EEF3C2028C}.Release|Any CPU.Build.0 = Release|Any CPU
		{208C8674-D765-4692-A593-64EEF3C2028C}.Stage|Any CPU.ActiveCfg = Debug|Any CPU
		{208C8674-D765-4692-A593-64EEF3C2028C}.Stage|Any CPU.Build.0 = Debug|Any CPU
		{208C8674-D765-4692-A593-64EEF3C2028C}.Test|Any CPU.ActiveCfg = Debug|Any CPU
		{208C8674-D765-4692-A593-64EEF3C2028C}.Test|Any CPU.Build.0 = Debug|Any CPU
		{2DAC335E-BB7F-4561-8D27-AD092CDB4424}.Debug|Any CPU.ActiveCfg = Debug|Any CPU
		{2DAC335E-BB7F-4561-8D27-AD092CDB4424}.Debug|Any CPU.Build.0 = Debug|Any CPU
		{2DAC335E-BB7F-4561-8D27-AD092CDB4424}.Dev|Any CPU.ActiveCfg = Dev|Any CPU
		{2DAC335E-BB7F-4561-8D27-AD092CDB4424}.Dev|Any CPU.Build.0 = Dev|Any CPU
		{2DAC335E-BB7F-4561-8D27-AD092CDB4424}.Release|Any CPU.ActiveCfg = Release|Any CPU
		{2DAC335E-BB7F-4561-8D27-AD092CDB4424}.Release|Any CPU.Build.0 = Release|Any CPU
		{2DAC335E-BB7F-4561-8D27-AD092CDB4424}.Stage|Any CPU.ActiveCfg = Stage|Any CPU
		{2DAC335E-BB7F-4561-8D27-AD092CDB4424}.Stage|Any CPU.Build.0 = Stage|Any CPU
		{2DAC335E-BB7F-4561-8D27-AD092CDB4424}.Test|Any CPU.ActiveCfg = Test|Any CPU
		{2DAC335E-BB7F-4561-8D27-AD092CDB4424}.Test|Any CPU.Build.0 = Test|Any CPU
		{DE9DF2D3-4635-4B3F-A2DF-D8DB4AD7C247}.Debug|Any CPU.ActiveCfg = Debug|Any CPU
		{DE9DF2D3-4635-4B3F-A2DF-D8DB4AD7C247}.Debug|Any CPU.Build.0 = Debug|Any CPU
		{DE9DF2D3-4635-4B3F-A2DF-D8DB4AD7C247}.Dev|Any CPU.ActiveCfg = Debug|Any CPU
		{DE9DF2D3-4635-4B3F-A2DF-D8DB4AD7C247}.Dev|Any CPU.Build.0 = Debug|Any CPU
		{DE9DF2D3-4635-4B3F-A2DF-D8DB4AD7C247}.Release|Any CPU.ActiveCfg = Release|Any CPU
		{DE9DF2D3-4635-4B3F-A2DF-D8DB4AD7C247}.Release|Any CPU.Build.0 = Release|Any CPU
		{DE9DF2D3-4635-4B3F-A2DF-D8DB4AD7C247}.Stage|Any CPU.ActiveCfg = Debug|Any CPU
		{DE9DF2D3-4635-4B3F-A2DF-D8DB4AD7C247}.Stage|Any CPU.Build.0 = Debug|Any CPU
		{DE9DF2D3-4635-4B3F-A2DF-D8DB4AD7C247}.Test|Any CPU.ActiveCfg = Debug|Any CPU
		{DE9DF2D3-4635-4B3F-A2DF-D8DB4AD7C247}.Test|Any CPU.Build.0 = Debug|Any CPU
		{B6486A2B-B9E0-4EFA-A7B8-FDEE90D37743}.Debug|Any CPU.ActiveCfg = Debug|Any CPU
		{B6486A2B-B9E0-4EFA-A7B8-FDEE90D37743}.Debug|Any CPU.Build.0 = Debug|Any CPU
		{B6486A2B-B9E0-4EFA-A7B8-FDEE90D37743}.Dev|Any CPU.ActiveCfg = Debug|Any CPU
		{B6486A2B-B9E0-4EFA-A7B8-FDEE90D37743}.Dev|Any CPU.Build.0 = Debug|Any CPU
		{B6486A2B-B9E0-4EFA-A7B8-FDEE90D37743}.Release|Any CPU.ActiveCfg = Release|Any CPU
		{B6486A2B-B9E0-4EFA-A7B8-FDEE90D37743}.Release|Any CPU.Build.0 = Release|Any CPU
		{B6486A2B-B9E0-4EFA-A7B8-FDEE90D37743}.Stage|Any CPU.ActiveCfg = Debug|Any CPU
		{B6486A2B-B9E0-4EFA-A7B8-FDEE90D37743}.Stage|Any CPU.Build.0 = Debug|Any CPU
		{B6486A2B-B9E0-4EFA-A7B8-FDEE90D37743}.Test|Any CPU.ActiveCfg = Debug|Any CPU
		{B6486A2B-B9E0-4EFA-A7B8-FDEE90D37743}.Test|Any CPU.Build.0 = Debug|Any CPU
		{1CD37D72-DB7F-4F01-A5D1-B58BB5718B4A}.Debug|Any CPU.ActiveCfg = Debug|Any CPU
		{1CD37D72-DB7F-4F01-A5D1-B58BB5718B4A}.Debug|Any CPU.Build.0 = Debug|Any CPU
		{1CD37D72-DB7F-4F01-A5D1-B58BB5718B4A}.Dev|Any CPU.ActiveCfg = Debug|Any CPU
		{1CD37D72-DB7F-4F01-A5D1-B58BB5718B4A}.Dev|Any CPU.Build.0 = Debug|Any CPU
		{1CD37D72-DB7F-4F01-A5D1-B58BB5718B4A}.Release|Any CPU.ActiveCfg = Release|Any CPU
		{1CD37D72-DB7F-4F01-A5D1-B58BB5718B4A}.Release|Any CPU.Build.0 = Release|Any CPU
		{1CD37D72-DB7F-4F01-A5D1-B58BB5718B4A}.Stage|Any CPU.ActiveCfg = Debug|Any CPU
		{1CD37D72-DB7F-4F01-A5D1-B58BB5718B4A}.Stage|Any CPU.Build.0 = Debug|Any CPU
		{1CD37D72-DB7F-4F01-A5D1-B58BB5718B4A}.Test|Any CPU.ActiveCfg = Debug|Any CPU
		{1CD37D72-DB7F-4F01-A5D1-B58BB5718B4A}.Test|Any CPU.Build.0 = Debug|Any CPU
	EndGlobalSection
	GlobalSection(SolutionProperties) = preSolution
		HideSolutionNode = FALSE
	EndGlobalSection
	GlobalSection(ExtensibilityGlobals) = postSolution
		SolutionGuid = {12A46393-490C-465F-A601-2FA99E256114}
	EndGlobalSection
EndGlobal
