
Microsoft Visual Studio Solution File, Format Version 12.00
# Visual Studio 15
VisualStudioVersion = 15.0.28010.2046
MinimumVisualStudioVersion = 10.0.40219.1
Project("{FAE04EC0-301F-11D3-BF4B-00C04F79EFBC}") = "Application", "WpfApp1\Application.csproj", "{75535A4B-97C2-4574-B0E8-9AAC31442748}"
EndProject
Global
	GlobalSection(SolutionConfigurationPlatforms) = preSolution
		Debug|Any CPU = Debug|Any CPU
		Dev|Any CPU = Dev|Any CPU
		Release|Any CPU = Release|Any CPU
		Stage|Any CPU = Stage|Any CPU
		Test|Any CPU = Test|Any CPU
	EndGlobalSection
	GlobalSection(ProjectConfigurationPlatforms) = postSolution
		{75535A4B-97C2-4574-B0E8-9AAC31442748}.Debug|Any CPU.ActiveCfg = Debug|Any CPU
		{75535A4B-97C2-4574-B0E8-9AAC31442748}.Debug|Any CPU.Build.0 = Debug|Any CPU
		{75535A4B-97C2-4574-B0E8-9AAC31442748}.Dev|Any CPU.ActiveCfg = Debug|Any CPU
		{75535A4B-97C2-4574-B0E8-9AAC31442748}.Dev|Any CPU.Build.0 = Debug|Any CPU
		{75535A4B-97C2-4574-B0E8-9AAC31442748}.Release|Any CPU.ActiveCfg = Release|Any CPU
		{75535A4B-97C2-4574-B0E8-9AAC31442748}.Release|Any CPU.Build.0 = Release|Any CPU
		{75535A4B-97C2-4574-B0E8-9AAC31442748}.Stage|Any CPU.ActiveCfg = Release|Any CPU
		{75535A4B-97C2-4574-B0E8-9AAC31442748}.Stage|Any CPU.Build.0 = Release|Any CPU
		{75535A4B-97C2-4574-B0E8-9AAC31442748}.Test|Any CPU.ActiveCfg = Release|Any CPU
		{75535A4B-97C2-4574-B0E8-9AAC31442748}.Test|Any CPU.Build.0 = Release|Any CPU
	EndGlobalSection
	GlobalSection(SolutionProperties) = preSolution
		HideSolutionNode = FALSE
	EndGlobalSection
	GlobalSection(ExtensibilityGlobals) = postSolution
		SolutionGuid = {12A46393-490C-465F-A601-2FA99E256114}
	EndGlobalSection
EndGlobal
